<Solution>
  <Folder Name="/Task0/">
    <Project Path="Tyuiu.PestrikovDD.Sprint3.Task0.V16.Lib/Tyuiu.PestrikovDD.Sprint3.Task0.V16.Lib.csproj" />
    <Project Path="Tyuiu.PestrikovDD.Sprint3.Task0.V16.Test/Tyuiu.PestrikovDD.Sprint3.Task0.V16.Test.csproj" />
    <Project Path="Tyuiu.PestrikovDD.Sprint3.Task0.V16/Tyuiu.PestrikovDD.Sprint3.Task0.V16.csproj" />
  </Folder>
</Solution>
